
Microsoft Visual Studio Solution File, Format Version 12.00
# Visual Studio 15
VisualStudioVersion = 15.0.28307.902
MinimumVisualStudioVersion = 10.0.40219.1
Project("{9A19103F-16F7-4668-BE54-9A1E7A4F7556}") = "AutoDataReader", "AutoDataReader\AutoDataReader.csproj", "{EFB81FC0-2D9C-4306-8258-6D61FAF28291}"
EndProject
Global
	GlobalSection(SolutionConfigurationPlatforms) = preSolution
		Debug|Any CPU = Debug|Any CPU
		Release|Any CPU = Release|Any CPU
	EndGlobalSection
	GlobalSection(ProjectConfigurationPlatforms) = postSolution
		{EFB81FC0-2D9C-4306-8258-6D61FAF28291}.Debug|Any CPU.ActiveCfg = Debug|Any CPU
		{EFB81FC0-2D9C-4306-8258-6D61FAF28291}.Debug|Any CPU.Build.0 = Debug|Any CPU
		{EFB81FC0-2D9C-4306-8258-6D61FAF28291}.Release|Any CPU.ActiveCfg = Release|Any CPU
		{EFB81FC0-2D9C-4306-8258-6D61FAF28291}.Release|Any CPU.Build.0 = Release|Any CPU
	EndGlobalSection
	GlobalSection(SolutionProperties) = preSolution
		HideSolutionNode = FALSE
	EndGlobalSection
	GlobalSection(ExtensibilityGlobals) = postSolution
		SolutionGuid = {166EDFED-7892-4038-8076-CCDAD055BB62}
	EndGlobalSection
EndGlobal
